// !$*UTF8*$!
{
	archiveVersion = 1;
	classes = {
	};
	objectVersion = 52;
	objects = {

/* Begin PBXBuildFile section */
		AA609B9D1D1ABA9700A12AE8 /* SkinViewController.m in Sources */ = {isa = PBXBuildFile; fileRef = AA609B9C1D1ABA9700A12AE8 /* SkinViewController.m */; };
		AA609BA01D1AC3F100A12AE8 /* SkinViewController.xib in Resources */ = {isa = PBXBuildFile; fileRef = AA609B9F1D1AC3F100A12AE8 /* SkinViewController.xib */; };
		AB23F99325F7D26000DE9B55 /* Pulse.xcframework in Frameworks */ = {isa = PBXBuildFile; fileRef = CFD55C6A1E3A596500656D06 /* Pulse.xcframework */; };
		AB23F99425F7D26000DE9B55 /* Pulse.xcframework in Embed Frameworks */ = {isa = PBXBuildFile; fileRef = CFD55C6A1E3A596500656D06 /* Pulse.xcframework */; settings = {ATTRIBUTES = (CodeSignOnCopy, RemoveHeadersOnCopy, ); }; };
		AB23F99825F7D26900DE9B55 /* Pulse_tvOS.xcframework in Frameworks */ = {isa = PBXBuildFile; fileRef = CFD55C6D1E3A597200656D06 /* Pulse_tvOS.xcframework */; };
		AB23F99925F7D26900DE9B55 /* Pulse_tvOS.xcframework in Embed Frameworks */ = {isa = PBXBuildFile; fileRef = CFD55C6D1E3A597200656D06 /* Pulse_tvOS.xcframework */; settings = {ATTRIBUTES = (CodeSignOnCopy, RemoveHeadersOnCopy, ); }; };
		AB23F99E25F7D27800DE9B55 /* OMSDK_Invidi.xcframework in Frameworks */ = {isa = PBXBuildFile; fileRef = AB23F96725F7C8C900DE9B55 /* OMSDK_Invidi.xcframework */; };
		AB23F99F25F7D27800DE9B55 /* OMSDK_Invidi.xcframework in Embed Frameworks */ = {isa = PBXBuildFile; fileRef = AB23F96725F7C8C900DE9B55 /* OMSDK_Invidi.xcframework */; settings = {ATTRIBUTES = (CodeSignOnCopy, RemoveHeadersOnCopy, ); }; };
		C405B23F1BFB6D3E00C07A18 /* Main.storyboard in Resources */ = {isa = PBXBuildFile; fileRef = C405B2411BFB6D3E00C07A18 /* Main.storyboard */; };
		C405B2461BFB6E2400C07A18 /* LaunchScreen.storyboard in Resources */ = {isa = PBXBuildFile; fileRef = C405B2421BFB6E2400C07A18 /* LaunchScreen.storyboard */; };
		C405B2471BFB6E2400C07A18 /* Main.storyboard in Resources */ = {isa = PBXBuildFile; fileRef = C405B2441BFB6E2400C07A18 /* Main.storyboard */; };
		C405B2491BFB701400C07A18 /* VideoItemCell.xib in Resources */ = {isa = PBXBuildFile; fileRef = C405B2481BFB701400C07A18 /* VideoItemCell.xib */; };
		C405B24E1BFE19C500C07A18 /* PlayerViewController.m in Sources */ = {isa = PBXBuildFile; fileRef = C405B24D1BFE19C500C07A18 /* PlayerViewController.m */; };
		C4100D951BFB64CF00B3F348 /* AVAsset+Preloading.m in Sources */ = {isa = PBXBuildFile; fileRef = C44E41161BD77C0000B722CB /* AVAsset+Preloading.m */; };
		C4100D961BFB64CF00B3F348 /* VideoItemCell.m in Sources */ = {isa = PBXBuildFile; fileRef = C47485C41BCD3B050056BD05 /* VideoItemCell.m */; };
		C4100D971BFB64CF00B3F348 /* AppDelegate.m in Sources */ = {isa = PBXBuildFile; fileRef = C45CDBDE1BCBA8DC00653D49 /* AppDelegate.m */; };
		C4100D981BFB64CF00B3F348 /* VideoItem.m in Sources */ = {isa = PBXBuildFile; fileRef = C4D02B8B1BDA2DF100BED479 /* VideoItem.m */; };
		C4100D9A1BFB64CF00B3F348 /* main.m in Sources */ = {isa = PBXBuildFile; fileRef = C45CDBDB1BCBA8DC00653D49 /* main.m */; };
		C4100D9B1BFB64CF00B3F348 /* VideoLibraryViewController.m in Sources */ = {isa = PBXBuildFile; fileRef = C47485BF1BCD3A080056BD05 /* VideoLibraryViewController.m */; };
		C4100DA21BFB64CF00B3F348 /* library.json in Resources */ = {isa = PBXBuildFile; fileRef = C47485BC1BCD27BE0056BD05 /* library.json */; };
		C4100DA41BFB64CF00B3F348 /* Assets.xcassets in Resources */ = {isa = PBXBuildFile; fileRef = C45CDBE61BCBA8DC00653D49 /* Assets.xcassets */; };
		C4100DB11BFB658800B3F348 /* AVFoundation.framework in Frameworks */ = {isa = PBXBuildFile; fileRef = C4100DB01BFB658800B3F348 /* AVFoundation.framework */; };
		C4100DB31BFB658D00B3F348 /* AVKit.framework in Frameworks */ = {isa = PBXBuildFile; fileRef = C4100DB21BFB658D00B3F348 /* AVKit.framework */; };
		C44D197C1D240B9600FD97B9 /* PauseAdViewController.m in Sources */ = {isa = PBXBuildFile; fileRef = C44D197A1D240B9600FD97B9 /* PauseAdViewController.m */; };
		C44D197D1D240B9600FD97B9 /* PauseAdViewController.xib in Resources */ = {isa = PBXBuildFile; fileRef = C44D197B1D240B9600FD97B9 /* PauseAdViewController.xib */; };
		C44E41171BD77C0000B722CB /* AVAsset+Preloading.m in Sources */ = {isa = PBXBuildFile; fileRef = C44E41161BD77C0000B722CB /* AVAsset+Preloading.m */; };
		C4527C641D227541005C695F /* ooyala-slick-type.ttf in Resources */ = {isa = PBXBuildFile; fileRef = C4527C631D227541005C695F /* ooyala-slick-type.ttf */; };
		C4527C651D227541005C695F /* ooyala-slick-type.ttf in Resources */ = {isa = PBXBuildFile; fileRef = C4527C631D227541005C695F /* ooyala-slick-type.ttf */; };
		C4527C6B1D22B863005C695F /* PassView.m in Sources */ = {isa = PBXBuildFile; fileRef = C4527C6A1D22B863005C695F /* PassView.m */; };
		C4527C6C1D22B863005C695F /* PassView.m in Sources */ = {isa = PBXBuildFile; fileRef = C4527C6A1D22B863005C695F /* PassView.m */; };
		C4527C6F1D22C5FC005C695F /* PauseAdView.m in Sources */ = {isa = PBXBuildFile; fileRef = C4527C6E1D22C5FC005C695F /* PauseAdView.m */; };
		C4527C701D22C5FC005C695F /* PauseAdView.m in Sources */ = {isa = PBXBuildFile; fileRef = C4527C6E1D22C5FC005C695F /* PauseAdView.m */; };
		C45CDBDC1BCBA8DC00653D49 /* main.m in Sources */ = {isa = PBXBuildFile; fileRef = C45CDBDB1BCBA8DC00653D49 /* main.m */; };
		C45CDBDF1BCBA8DC00653D49 /* AppDelegate.m in Sources */ = {isa = PBXBuildFile; fileRef = C45CDBDE1BCBA8DC00653D49 /* AppDelegate.m */; };
		C45CDBE71BCBA8DC00653D49 /* Assets.xcassets in Resources */ = {isa = PBXBuildFile; fileRef = C45CDBE61BCBA8DC00653D49 /* Assets.xcassets */; };
		C45CDBF51BCBA8DC00653D49 /* PulsePlayerTests.m in Sources */ = {isa = PBXBuildFile; fileRef = C45CDBF41BCBA8DC00653D49 /* PulsePlayerTests.m */; };
		C45CDC001BCBA8DC00653D49 /* PulsePlayerUITests.m in Sources */ = {isa = PBXBuildFile; fileRef = C45CDBFF1BCBA8DC00653D49 /* PulsePlayerUITests.m */; };
		C45CDC151BCBCE4700653D49 /* AVKit.framework in Frameworks */ = {isa = PBXBuildFile; fileRef = C45CDC141BCBCE4700653D49 /* AVKit.framework */; };
		C45CDC181BCBCED900653D49 /* PlayerViewController.m in Sources */ = {isa = PBXBuildFile; fileRef = C45CDC171BCBCED900653D49 /* PlayerViewController.m */; };
		C45CDC191BCBCED900653D49 /* PlayerViewController.m in Sources */ = {isa = PBXBuildFile; fileRef = C45CDC171BCBCED900653D49 /* PlayerViewController.m */; };
		C45CDC1B1BCBCFE900653D49 /* AVFoundation.framework in Frameworks */ = {isa = PBXBuildFile; fileRef = C45CDC1A1BCBCFE900653D49 /* AVFoundation.framework */; };
		C47485BD1BCD27BE0056BD05 /* library.json in Resources */ = {isa = PBXBuildFile; fileRef = C47485BC1BCD27BE0056BD05 /* library.json */; };
		C47485C01BCD3A080056BD05 /* VideoLibraryViewController.m in Sources */ = {isa = PBXBuildFile; fileRef = C47485BF1BCD3A080056BD05 /* VideoLibraryViewController.m */; };
		C47485C61BCD3B050056BD05 /* VideoItemCell.m in Sources */ = {isa = PBXBuildFile; fileRef = C47485C41BCD3B050056BD05 /* VideoItemCell.m */; };
		C47485C71BCD3B050056BD05 /* VideoItemCell.xib in Resources */ = {isa = PBXBuildFile; fileRef = C47485C51BCD3B050056BD05 /* VideoItemCell.xib */; };
		C4D02B8C1BDA2DF100BED479 /* VideoItem.m in Sources */ = {isa = PBXBuildFile; fileRef = C4D02B8B1BDA2DF100BED479 /* VideoItem.m */; };
		C4D8BC381C906822001D8E45 /* SkipViewController.m in Sources */ = {isa = PBXBuildFile; fileRef = C4D8BC361C906822001D8E45 /* SkipViewController.m */; };
		C4D8BC391C906822001D8E45 /* SkipViewController.xib in Resources */ = {isa = PBXBuildFile; fileRef = C4D8BC371C906822001D8E45 /* SkipViewController.xib */; };
		C4D8BC3A1C908A22001D8E45 /* SkipViewController.m in Sources */ = {isa = PBXBuildFile; fileRef = C4D8BC361C906822001D8E45 /* SkipViewController.m */; };
		C4D8BC3D1C908ADC001D8E45 /* SkipViewController.xib in Resources */ = {isa = PBXBuildFile; fileRef = C4D8BC3C1C908ADC001D8E45 /* SkipViewController.xib */; };
		CF070B701E9F92970043348C /* CompanionAdViewController.m in Sources */ = {isa = PBXBuildFile; fileRef = CF070B6F1E9F92970043348C /* CompanionAdViewController.m */; };
		CF070B721E9FA2D40043348C /* CompanionAdViewController.xib in Resources */ = {isa = PBXBuildFile; fileRef = CF070B711E9FA2D40043348C /* CompanionAdViewController.xib */; };
		CFD386E71E9BE1F700316CD9 /* CompanionPlayerViewController.m in Sources */ = {isa = PBXBuildFile; fileRef = CFD386E61E9BE1F700316CD9 /* CompanionPlayerViewController.m */; };
		CFD386E81E9BE1F700316CD9 /* CompanionPlayerViewController.m in Sources */ = {isa = PBXBuildFile; fileRef = CFD386E61E9BE1F700316CD9 /* CompanionPlayerViewController.m */; };
/* End PBXBuildFile section */

/* Begin PBXContainerItemProxy section */
		C45CDBF11BCBA8DC00653D49 /* PBXContainerItemProxy */ = {
			isa = PBXContainerItemProxy;
			containerPortal = C45CDBCF1BCBA8DC00653D49 /* Project object */;
			proxyType = 1;
			remoteGlobalIDString = C45CDBD61BCBA8DC00653D49;
			remoteInfo = PulsePlayer;
		};
		C45CDBFC1BCBA8DC00653D49 /* PBXContainerItemProxy */ = {
			isa = PBXContainerItemProxy;
			containerPortal = C45CDBCF1BCBA8DC00653D49 /* Project object */;
			proxyType = 1;
			remoteGlobalIDString = C45CDBD61BCBA8DC00653D49;
			remoteInfo = PulsePlayer;
		};
/* End PBXContainerItemProxy section */

/* Begin PBXCopyFilesBuildPhase section */
		AB23F99525F7D26000DE9B55 /* Embed Frameworks */ = {
			isa = PBXCopyFilesBuildPhase;
			buildActionMask = 2147483647;
			dstPath = "";
			dstSubfolderSpec = 10;
			files = (
				AB23F99425F7D26000DE9B55 /* Pulse.xcframework in Embed Frameworks */,
				AB23F99F25F7D27800DE9B55 /* OMSDK_Invidi.xcframework in Embed Frameworks */,
			);
			name = "Embed Frameworks";
			runOnlyForDeploymentPostprocessing = 0;
		};
		CF007D011E3902ED001E5B2D /* Embed Frameworks */ = {
			isa = PBXCopyFilesBuildPhase;
			buildActionMask = 2147483647;
			dstPath = "";
			dstSubfolderSpec = 10;
			files = (
				AB23F99925F7D26900DE9B55 /* Pulse_tvOS.xcframework in Embed Frameworks */,
			);
			name = "Embed Frameworks";
			runOnlyForDeploymentPostprocessing = 0;
		};
/* End PBXCopyFilesBuildPhase section */

/* Begin PBXFileReference section */
		AA609B9B1D1AB5E600A12AE8 /* SkinViewController.h */ = {isa = PBXFileReference; lastKnownFileType = sourcecode.c.h; path = SkinViewController.h; sourceTree = "<group>"; };
		AA609B9C1D1ABA9700A12AE8 /* SkinViewController.m */ = {isa = PBXFileReference; fileEncoding = 4; lastKnownFileType = sourcecode.c.objc; path = SkinViewController.m; sourceTree = "<group>"; };
		AA609B9F1D1AC3F100A12AE8 /* SkinViewController.xib */ = {isa = PBXFileReference; fileEncoding = 4; lastKnownFileType = file.xib; path = SkinViewController.xib; sourceTree = "<group>"; };
		AB23F96725F7C8C900DE9B55 /* OMSDK_Invidi.xcframework */ = {isa = PBXFileReference; lastKnownFileType = wrapper.xcframework; name = OMSDK_Invidi.xcframework; path = ../Pulse/OMSDK_Invidi.xcframework; sourceTree = "<group>"; };
		C405B2401BFB6D3E00C07A18 /* Base */ = {isa = PBXFileReference; lastKnownFileType = file.storyboard; name = Base; path = Base.lproj/Main.storyboard; sourceTree = "<group>"; };
		C405B2431BFB6E2400C07A18 /* Base */ = {isa = PBXFileReference; lastKnownFileType = file.storyboard; name = Base; path = Base.lproj/LaunchScreen.storyboard; sourceTree = "<group>"; };
		C405B2451BFB6E2400C07A18 /* Base */ = {isa = PBXFileReference; lastKnownFileType = file.storyboard; name = Base; path = Base.lproj/Main.storyboard; sourceTree = "<group>"; };
		C405B2481BFB701400C07A18 /* VideoItemCell.xib */ = {isa = PBXFileReference; fileEncoding = 4; lastKnownFileType = file.xib; path = VideoItemCell.xib; sourceTree = "<group>"; };
		C405B24D1BFE19C500C07A18 /* PlayerViewController.m */ = {isa = PBXFileReference; fileEncoding = 4; lastKnownFileType = sourcecode.c.objc; path = PlayerViewController.m; sourceTree = "<group>"; };
		C4100DA91BFB64CF00B3F348 /* PulsePlayer (TVOS).app */ = {isa = PBXFileReference; explicitFileType = wrapper.application; includeInIndex = 0; path = "PulsePlayer (TVOS).app"; sourceTree = BUILT_PRODUCTS_DIR; };
		C4100DAA1BFB64CF00B3F348 /* Info (TVOS).plist */ = {isa = PBXFileReference; lastKnownFileType = text.plist.xml; name = "Info (TVOS).plist"; path = "/Users/jacques/work/videoplaza/plugin_ios_2.x_sample/PulsePlayer/PulsePlayer/tvos/Info (TVOS).plist"; sourceTree = "<absolute>"; };
		C4100DB01BFB658800B3F348 /* AVFoundation.framework */ = {isa = PBXFileReference; lastKnownFileType = wrapper.framework; name = AVFoundation.framework; path = Platforms/AppleTVOS.platform/Developer/SDKs/AppleTVOS9.0.sdk/System/Library/Frameworks/AVFoundation.framework; sourceTree = DEVELOPER_DIR; };
		C4100DB21BFB658D00B3F348 /* AVKit.framework */ = {isa = PBXFileReference; lastKnownFileType = wrapper.framework; name = AVKit.framework; path = Platforms/AppleTVOS.platform/Developer/SDKs/AppleTVOS9.0.sdk/System/Library/Frameworks/AVKit.framework; sourceTree = DEVELOPER_DIR; };
		C44D19791D240B9600FD97B9 /* PauseAdViewController.h */ = {isa = PBXFileReference; fileEncoding = 4; lastKnownFileType = sourcecode.c.h; path = PauseAdViewController.h; sourceTree = "<group>"; };
		C44D197A1D240B9600FD97B9 /* PauseAdViewController.m */ = {isa = PBXFileReference; fileEncoding = 4; lastKnownFileType = sourcecode.c.objc; path = PauseAdViewController.m; sourceTree = "<group>"; };
		C44D197B1D240B9600FD97B9 /* PauseAdViewController.xib */ = {isa = PBXFileReference; fileEncoding = 4; lastKnownFileType = file.xib; path = PauseAdViewController.xib; sourceTree = "<group>"; };
		C44E41151BD77C0000B722CB /* AVAsset+Preloading.h */ = {isa = PBXFileReference; fileEncoding = 4; lastKnownFileType = sourcecode.c.h; path = "AVAsset+Preloading.h"; sourceTree = "<group>"; };
		C44E41161BD77C0000B722CB /* AVAsset+Preloading.m */ = {isa = PBXFileReference; fileEncoding = 4; lastKnownFileType = sourcecode.c.objc; path = "AVAsset+Preloading.m"; sourceTree = "<group>"; };
		C4527C631D227541005C695F /* ooyala-slick-type.ttf */ = {isa = PBXFileReference; lastKnownFileType = file; path = "ooyala-slick-type.ttf"; sourceTree = "<group>"; };
		C4527C691D22B863005C695F /* PassView.h */ = {isa = PBXFileReference; fileEncoding = 4; lastKnownFileType = sourcecode.c.h; path = PassView.h; sourceTree = "<group>"; };
		C4527C6A1D22B863005C695F /* PassView.m */ = {isa = PBXFileReference; fileEncoding = 4; lastKnownFileType = sourcecode.c.objc; path = PassView.m; sourceTree = "<group>"; };
		C4527C6D1D22C5FC005C695F /* PauseAdView.h */ = {isa = PBXFileReference; fileEncoding = 4; lastKnownFileType = sourcecode.c.h; path = PauseAdView.h; sourceTree = "<group>"; };
		C4527C6E1D22C5FC005C695F /* PauseAdView.m */ = {isa = PBXFileReference; fileEncoding = 4; lastKnownFileType = sourcecode.c.objc; path = PauseAdView.m; sourceTree = "<group>"; };
		C45CDBD71BCBA8DC00653D49 /* PulsePlayer.app */ = {isa = PBXFileReference; explicitFileType = wrapper.application; includeInIndex = 0; path = PulsePlayer.app; sourceTree = BUILT_PRODUCTS_DIR; };
		C45CDBDB1BCBA8DC00653D49 /* main.m */ = {isa = PBXFileReference; lastKnownFileType = sourcecode.c.objc; path = main.m; sourceTree = "<group>"; };
		C45CDBDD1BCBA8DC00653D49 /* AppDelegate.h */ = {isa = PBXFileReference; lastKnownFileType = sourcecode.c.h; path = AppDelegate.h; sourceTree = "<group>"; };
		C45CDBDE1BCBA8DC00653D49 /* AppDelegate.m */ = {isa = PBXFileReference; lastKnownFileType = sourcecode.c.objc; path = AppDelegate.m; sourceTree = "<group>"; };
		C45CDBE61BCBA8DC00653D49 /* Assets.xcassets */ = {isa = PBXFileReference; lastKnownFileType = folder.assetcatalog; path = Assets.xcassets; sourceTree = "<group>"; };
		C45CDBEB1BCBA8DC00653D49 /* Info.plist */ = {isa = PBXFileReference; lastKnownFileType = text.plist.xml; path = Info.plist; sourceTree = "<group>"; };
		C45CDBF01BCBA8DC00653D49 /* PulsePlayerTests.xctest */ = {isa = PBXFileReference; explicitFileType = wrapper.cfbundle; includeInIndex = 0; path = PulsePlayerTests.xctest; sourceTree = BUILT_PRODUCTS_DIR; };
		C45CDBF41BCBA8DC00653D49 /* PulsePlayerTests.m */ = {isa = PBXFileReference; lastKnownFileType = sourcecode.c.objc; path = PulsePlayerTests.m; sourceTree = "<group>"; };
		C45CDBF61BCBA8DC00653D49 /* Info.plist */ = {isa = PBXFileReference; lastKnownFileType = text.plist.xml; path = Info.plist; sourceTree = "<group>"; };
		C45CDBFB1BCBA8DC00653D49 /* PulsePlayerUITests.xctest */ = {isa = PBXFileReference; explicitFileType = wrapper.cfbundle; includeInIndex = 0; path = PulsePlayerUITests.xctest; sourceTree = BUILT_PRODUCTS_DIR; };
		C45CDBFF1BCBA8DC00653D49 /* PulsePlayerUITests.m */ = {isa = PBXFileReference; lastKnownFileType = sourcecode.c.objc; path = PulsePlayerUITests.m; sourceTree = "<group>"; };
		C45CDC011BCBA8DC00653D49 /* Info.plist */ = {isa = PBXFileReference; lastKnownFileType = text.plist.xml; path = Info.plist; sourceTree = "<group>"; };
		C45CDC141BCBCE4700653D49 /* AVKit.framework */ = {isa = PBXFileReference; lastKnownFileType = wrapper.framework; name = AVKit.framework; path = System/Library/Frameworks/AVKit.framework; sourceTree = SDKROOT; };
		C45CDC161BCBCED900653D49 /* PlayerViewController.h */ = {isa = PBXFileReference; fileEncoding = 4; lastKnownFileType = sourcecode.c.h; path = PlayerViewController.h; sourceTree = "<group>"; };
		C45CDC171BCBCED900653D49 /* PlayerViewController.m */ = {isa = PBXFileReference; fileEncoding = 4; lastKnownFileType = sourcecode.c.objc; path = PlayerViewController.m; sourceTree = "<group>"; };
		C45CDC1A1BCBCFE900653D49 /* AVFoundation.framework */ = {isa = PBXFileReference; lastKnownFileType = wrapper.framework; name = AVFoundation.framework; path = System/Library/Frameworks/AVFoundation.framework; sourceTree = SDKROOT; };
		C47485BC1BCD27BE0056BD05 /* library.json */ = {isa = PBXFileReference; fileEncoding = 4; lastKnownFileType = text.json; path = library.json; sourceTree = "<group>"; };
		C47485BE1BCD3A080056BD05 /* VideoLibraryViewController.h */ = {isa = PBXFileReference; fileEncoding = 4; lastKnownFileType = sourcecode.c.h; path = VideoLibraryViewController.h; sourceTree = "<group>"; };
		C47485BF1BCD3A080056BD05 /* VideoLibraryViewController.m */ = {isa = PBXFileReference; fileEncoding = 4; lastKnownFileType = sourcecode.c.objc; path = VideoLibraryViewController.m; sourceTree = "<group>"; };
		C47485C31BCD3B050056BD05 /* VideoItemCell.h */ = {isa = PBXFileReference; fileEncoding = 4; lastKnownFileType = sourcecode.c.h; path = VideoItemCell.h; sourceTree = "<group>"; };
		C47485C41BCD3B050056BD05 /* VideoItemCell.m */ = {isa = PBXFileReference; fileEncoding = 4; lastKnownFileType = sourcecode.c.objc; path = VideoItemCell.m; sourceTree = "<group>"; };
		C47485C51BCD3B050056BD05 /* VideoItemCell.xib */ = {isa = PBXFileReference; fileEncoding = 4; lastKnownFileType = file.xib; path = VideoItemCell.xib; sourceTree = "<group>"; };
		C4D02B8A1BDA2DF100BED479 /* VideoItem.h */ = {isa = PBXFileReference; fileEncoding = 4; lastKnownFileType = sourcecode.c.h; path = VideoItem.h; sourceTree = "<group>"; };
		C4D02B8B1BDA2DF100BED479 /* VideoItem.m */ = {isa = PBXFileReference; fileEncoding = 4; lastKnownFileType = sourcecode.c.objc; path = VideoItem.m; sourceTree = "<group>"; };
		C4D8BC351C906822001D8E45 /* SkipViewController.h */ = {isa = PBXFileReference; fileEncoding = 4; lastKnownFileType = sourcecode.c.h; path = SkipViewController.h; sourceTree = "<group>"; };
		C4D8BC361C906822001D8E45 /* SkipViewController.m */ = {isa = PBXFileReference; fileEncoding = 4; lastKnownFileType = sourcecode.c.objc; path = SkipViewController.m; sourceTree = "<group>"; };
		C4D8BC371C906822001D8E45 /* SkipViewController.xib */ = {isa = PBXFileReference; fileEncoding = 4; lastKnownFileType = file.xib; name = SkipViewController.xib; path = ../SkipViewController.xib; sourceTree = "<group>"; };
		C4D8BC3C1C908ADC001D8E45 /* SkipViewController.xib */ = {isa = PBXFileReference; fileEncoding = 4; lastKnownFileType = file.xib; name = SkipViewController.xib; path = PulsePlayer/tvos/SkipViewController.xib; sourceTree = SOURCE_ROOT; };
		CF070B6E1E9F92970043348C /* CompanionAdViewController.h */ = {isa = PBXFileReference; fileEncoding = 4; lastKnownFileType = sourcecode.c.h; path = CompanionAdViewController.h; sourceTree = "<group>"; };
		CF070B6F1E9F92970043348C /* CompanionAdViewController.m */ = {isa = PBXFileReference; fileEncoding = 4; lastKnownFileType = sourcecode.c.objc; path = CompanionAdViewController.m; sourceTree = "<group>"; };
		CF070B711E9FA2D40043348C /* CompanionAdViewController.xib */ = {isa = PBXFileReference; fileEncoding = 4; lastKnownFileType = file.xib; path = CompanionAdViewController.xib; sourceTree = "<group>"; };
		CFD386E51E9BE1F700316CD9 /* CompanionPlayerViewController.h */ = {isa = PBXFileReference; fileEncoding = 4; lastKnownFileType = sourcecode.c.h; path = CompanionPlayerViewController.h; sourceTree = "<group>"; };
		CFD386E61E9BE1F700316CD9 /* CompanionPlayerViewController.m */ = {isa = PBXFileReference; fileEncoding = 4; lastKnownFileType = sourcecode.c.objc; path = CompanionPlayerViewController.m; sourceTree = "<group>"; };
		CFD55C6A1E3A596500656D06 /* Pulse.xcframework */ = {isa = PBXFileReference; lastKnownFileType = wrapper.xcframework; name = Pulse.xcframework; path = ../Pulse/Pulse.xcframework; sourceTree = "<group>"; };
		CFD55C6D1E3A597200656D06 /* Pulse_tvOS.xcframework */ = {isa = PBXFileReference; lastKnownFileType = wrapper.xcframework; name = Pulse_tvOS.xcframework; path = ../Pulse/Pulse_tvOS.xcframework; sourceTree = "<group>"; };
/* End PBXFileReference section */

/* Begin PBXFrameworksBuildPhase section */
		C4100D9C1BFB64CF00B3F348 /* Frameworks */ = {
			isa = PBXFrameworksBuildPhase;
			buildActionMask = 2147483647;
			files = (
				C4100DB31BFB658D00B3F348 /* AVKit.framework in Frameworks */,
				AB23F99825F7D26900DE9B55 /* Pulse_tvOS.xcframework in Frameworks */,
				C4100DB11BFB658800B3F348 /* AVFoundation.framework in Frameworks */,
			);
			runOnlyForDeploymentPostprocessing = 0;
		};
		C45CDBD41BCBA8DC00653D49 /* Frameworks */ = {
			isa = PBXFrameworksBuildPhase;
			buildActionMask = 2147483647;
			files = (
				C45CDC1B1BCBCFE900653D49 /* AVFoundation.framework in Frameworks */,
				AB23F99325F7D26000DE9B55 /* Pulse.xcframework in Frameworks */,
				C45CDC151BCBCE4700653D49 /* AVKit.framework in Frameworks */,
				AB23F99E25F7D27800DE9B55 /* OMSDK_Invidi.xcframework in Frameworks */,
			);
			runOnlyForDeploymentPostprocessing = 0;
		};
		C45CDBED1BCBA8DC00653D49 /* Frameworks */ = {
			isa = PBXFrameworksBuildPhase;
			buildActionMask = 2147483647;
			files = (
			);
			runOnlyForDeploymentPostprocessing = 0;
		};
		C45CDBF81BCBA8DC00653D49 /* Frameworks */ = {
			isa = PBXFrameworksBuildPhase;
			buildActionMask = 2147483647;
			files = (
			);
			runOnlyForDeploymentPostprocessing = 0;
		};
/* End PBXFrameworksBuildPhase section */

/* Begin PBXGroup section */
		C405B23B1BFB6D1500C07A18 /* ios */ = {
			isa = PBXGroup;
			children = (
				C45CDBEB1BCBA8DC00653D49 /* Info.plist */,
				C45CDC171BCBCED900653D49 /* PlayerViewController.m */,
				CFD386E51E9BE1F700316CD9 /* CompanionPlayerViewController.h */,
				CFD386E61E9BE1F700316CD9 /* CompanionPlayerViewController.m */,
				C405B2421BFB6E2400C07A18 /* LaunchScreen.storyboard */,
				C405B2441BFB6E2400C07A18 /* Main.storyboard */,
				C47485C51BCD3B050056BD05 /* VideoItemCell.xib */,
				C4D8BC371C906822001D8E45 /* SkipViewController.xib */,
				AA609B9C1D1ABA9700A12AE8 /* SkinViewController.m */,
				AA609B9F1D1AC3F100A12AE8 /* SkinViewController.xib */,
				C4527C6D1D22C5FC005C695F /* PauseAdView.h */,
				C4527C6E1D22C5FC005C695F /* PauseAdView.m */,
				C44D19791D240B9600FD97B9 /* PauseAdViewController.h */,
				C44D197A1D240B9600FD97B9 /* PauseAdViewController.m */,
				C44D197B1D240B9600FD97B9 /* PauseAdViewController.xib */,
				CF070B6E1E9F92970043348C /* CompanionAdViewController.h */,
				CF070B6F1E9F92970043348C /* CompanionAdViewController.m */,
				CF070B711E9FA2D40043348C /* CompanionAdViewController.xib */,
			);
			path = ios;
			sourceTree = "<group>";
		};
		C405B23C1BFB6D1500C07A18 /* tvos */ = {
			isa = PBXGroup;
			children = (
				C4100DAA1BFB64CF00B3F348 /* Info (TVOS).plist */,
				C405B24D1BFE19C500C07A18 /* PlayerViewController.m */,
				C405B2411BFB6D3E00C07A18 /* Main.storyboard */,
				C405B2481BFB701400C07A18 /* VideoItemCell.xib */,
				C4D8BC3C1C908ADC001D8E45 /* SkipViewController.xib */,
			);
			path = tvos;
			sourceTree = "<group>";
		};
		C4100DAD1BFB655500B3F348 /* Frameworks */ = {
			isa = PBXGroup;
			children = (
				C4100DAF1BFB656200B3F348 /* TVOS */,
				C4100DAE1BFB655D00B3F348 /* iOS */,
			);
			name = Frameworks;
			sourceTree = "<group>";
		};
		C4100DAE1BFB655D00B3F348 /* iOS */ = {
			isa = PBXGroup;
			children = (
				AB23F96725F7C8C900DE9B55 /* OMSDK_Invidi.xcframework */,
				CFD55C6A1E3A596500656D06 /* Pulse.xcframework */,
				C45CDC1A1BCBCFE900653D49 /* AVFoundation.framework */,
				C45CDC141BCBCE4700653D49 /* AVKit.framework */,
			);
			name = iOS;
			sourceTree = "<group>";
		};
		C4100DAF1BFB656200B3F348 /* TVOS */ = {
			isa = PBXGroup;
			children = (
				CFD55C6D1E3A597200656D06 /* Pulse_tvOS.xcframework */,
				C4100DB21BFB658D00B3F348 /* AVKit.framework */,
				C4100DB01BFB658800B3F348 /* AVFoundation.framework */,
			);
			name = TVOS;
			sourceTree = "<group>";
		};
		C45CDBCE1BCBA8DC00653D49 = {
			isa = PBXGroup;
			children = (
				C4100DAD1BFB655500B3F348 /* Frameworks */,
				C45CDBD91BCBA8DC00653D49 /* PulsePlayer */,
				C45CDBF31BCBA8DC00653D49 /* PulsePlayerTests */,
				C45CDBFE1BCBA8DC00653D49 /* PulsePlayerUITests */,
				C45CDBD81BCBA8DC00653D49 /* Products */,
			);
			sourceTree = "<group>";
		};
		C45CDBD81BCBA8DC00653D49 /* Products */ = {
			isa = PBXGroup;
			children = (
				C45CDBD71BCBA8DC00653D49 /* PulsePlayer.app */,
				C45CDBF01BCBA8DC00653D49 /* PulsePlayerTests.xctest */,
				C45CDBFB1BCBA8DC00653D49 /* PulsePlayerUITests.xctest */,
				C4100DA91BFB64CF00B3F348 /* PulsePlayer (TVOS).app */,
			);
			name = Products;
			sourceTree = "<group>";
		};
		C45CDBD91BCBA8DC00653D49 /* PulsePlayer */ = {
			isa = PBXGroup;
			children = (
				C45CDBDD1BCBA8DC00653D49 /* AppDelegate.h */,
				C45CDBDE1BCBA8DC00653D49 /* AppDelegate.m */,
				C47485CA1BCD4DA70056BD05 /* AVPlayer */,
				C4D02B891BDA2DD100BED479 /* Model */,
				C47485C81BCD4D1C0056BD05 /* UI */,
				C405B23B1BFB6D1500C07A18 /* ios */,
				C405B23C1BFB6D1500C07A18 /* tvos */,
				C45CDBE61BCBA8DC00653D49 /* Assets.xcassets */,
				C45CDBDA1BCBA8DC00653D49 /* Supporting Files */,
			);
			path = PulsePlayer;
			sourceTree = "<group>";
		};
		C45CDBDA1BCBA8DC00653D49 /* Supporting Files */ = {
			isa = PBXGroup;
			children = (
				C4527C631D227541005C695F /* ooyala-slick-type.ttf */,
				C45CDBDB1BCBA8DC00653D49 /* main.m */,
				C47485BC1BCD27BE0056BD05 /* library.json */,
			);
			name = "Supporting Files";
			sourceTree = "<group>";
		};
		C45CDBF31BCBA8DC00653D49 /* PulsePlayerTests */ = {
			isa = PBXGroup;
			children = (
				C45CDBF41BCBA8DC00653D49 /* PulsePlayerTests.m */,
				C45CDBF61BCBA8DC00653D49 /* Info.plist */,
			);
			path = PulsePlayerTests;
			sourceTree = "<group>";
		};
		C45CDBFE1BCBA8DC00653D49 /* PulsePlayerUITests */ = {
			isa = PBXGroup;
			children = (
				C45CDBFF1BCBA8DC00653D49 /* PulsePlayerUITests.m */,
				C45CDC011BCBA8DC00653D49 /* Info.plist */,
			);
			path = PulsePlayerUITests;
			sourceTree = "<group>";
		};
		C47485C81BCD4D1C0056BD05 /* UI */ = {
			isa = PBXGroup;
			children = (
				C47485BE1BCD3A080056BD05 /* VideoLibraryViewController.h */,
				C47485BF1BCD3A080056BD05 /* VideoLibraryViewController.m */,
				C47485C31BCD3B050056BD05 /* VideoItemCell.h */,
				C47485C41BCD3B050056BD05 /* VideoItemCell.m */,
				C4D8BC351C906822001D8E45 /* SkipViewController.h */,
				C4D8BC361C906822001D8E45 /* SkipViewController.m */,
				C4527C691D22B863005C695F /* PassView.h */,
				C4527C6A1D22B863005C695F /* PassView.m */,
			);
			name = UI;
			sourceTree = "<group>";
		};
		C47485CA1BCD4DA70056BD05 /* AVPlayer */ = {
			isa = PBXGroup;
			children = (
				C44E41151BD77C0000B722CB /* AVAsset+Preloading.h */,
				C44E41161BD77C0000B722CB /* AVAsset+Preloading.m */,
				C45CDC161BCBCED900653D49 /* PlayerViewController.h */,
				AA609B9B1D1AB5E600A12AE8 /* SkinViewController.h */,
			);
			name = AVPlayer;
			sourceTree = "<group>";
		};
		C4D02B891BDA2DD100BED479 /* Model */ = {
			isa = PBXGroup;
			children = (
				C4D02B8A1BDA2DF100BED479 /* VideoItem.h */,
				C4D02B8B1BDA2DF100BED479 /* VideoItem.m */,
			);
			name = Model;
			sourceTree = "<group>";
		};
/* End PBXGroup section */

/* Begin PBXNativeTarget section */
		C4100D931BFB64CF00B3F348 /* PulsePlayer (TVOS) */ = {
			isa = PBXNativeTarget;
			buildConfigurationList = C4100DA61BFB64CF00B3F348 /* Build configuration list for PBXNativeTarget "PulsePlayer (TVOS)" */;
			buildPhases = (
				C4100D941BFB64CF00B3F348 /* Sources */,
				C4100D9C1BFB64CF00B3F348 /* Frameworks */,
				C4100DA01BFB64CF00B3F348 /* Resources */,
				CF007D011E3902ED001E5B2D /* Embed Frameworks */,
			);
			buildRules = (
			);
			dependencies = (
			);
			name = "PulsePlayer (TVOS)";
			productName = PulsePlayer;
			productReference = C4100DA91BFB64CF00B3F348 /* PulsePlayer (TVOS).app */;
			productType = "com.apple.product-type.application";
		};
		C45CDBD61BCBA8DC00653D49 /* PulsePlayer */ = {
			isa = PBXNativeTarget;
			buildConfigurationList = C45CDC041BCBA8DC00653D49 /* Build configuration list for PBXNativeTarget "PulsePlayer" */;
			buildPhases = (
				C45CDBD31BCBA8DC00653D49 /* Sources */,
				C45CDBD41BCBA8DC00653D49 /* Frameworks */,
				C45CDBD51BCBA8DC00653D49 /* Resources */,
				AB23F99525F7D26000DE9B55 /* Embed Frameworks */,
			);
			buildRules = (
			);
			dependencies = (
			);
			name = PulsePlayer;
			productName = PulsePlayer;
			productReference = C45CDBD71BCBA8DC00653D49 /* PulsePlayer.app */;
			productType = "com.apple.product-type.application";
		};
		C45CDBEF1BCBA8DC00653D49 /* PulsePlayerTests */ = {
			isa = PBXNativeTarget;
			buildConfigurationList = C45CDC071BCBA8DC00653D49 /* Build configuration list for PBXNativeTarget "PulsePlayerTests" */;
			buildPhases = (
				C45CDBEC1BCBA8DC00653D49 /* Sources */,
				C45CDBED1BCBA8DC00653D49 /* Frameworks */,
				C45CDBEE1BCBA8DC00653D49 /* Resources */,
			);
			buildRules = (
			);
			dependencies = (
				C45CDBF21BCBA8DC00653D49 /* PBXTargetDependency */,
			);
			name = PulsePlayerTests;
			productName = PulsePlayerTests;
			productReference = C45CDBF01BCBA8DC00653D49 /* PulsePlayerTests.xctest */;
			productType = "com.apple.product-type.bundle.unit-test";
		};
		C45CDBFA1BCBA8DC00653D49 /* PulsePlayerUITests */ = {
			isa = PBXNativeTarget;
			buildConfigurationList = C45CDC0A1BCBA8DC00653D49 /* Build configuration list for PBXNativeTarget "PulsePlayerUITests" */;
			buildPhases = (
				C45CDBF71BCBA8DC00653D49 /* Sources */,
				C45CDBF81BCBA8DC00653D49 /* Frameworks */,
				C45CDBF91BCBA8DC00653D49 /* Resources */,
			);
			buildRules = (
			);
			dependencies = (
				C45CDBFD1BCBA8DC00653D49 /* PBXTargetDependency */,
			);
			name = PulsePlayerUITests;
			productName = PulsePlayerUITests;
			productReference = C45CDBFB1BCBA8DC00653D49 /* PulsePlayerUITests.xctest */;
			productType = "com.apple.product-type.bundle.ui-testing";
		};
/* End PBXNativeTarget section */

/* Begin PBXProject section */
		C45CDBCF1BCBA8DC00653D49 /* Project object */ = {
			isa = PBXProject;
			attributes = {
				LastUpgradeCheck = 0700;
				ORGANIZATIONNAME = Ooyala;
				TargetAttributes = {
					C45CDBD61BCBA8DC00653D49 = {
						CreatedOnToolsVersion = 7.0.1;
						SystemCapabilities = {
							com.apple.BackgroundModes = {
								enabled = 1;
							};
						};
					};
					C45CDBEF1BCBA8DC00653D49 = {
						CreatedOnToolsVersion = 7.0.1;
						TestTargetID = C45CDBD61BCBA8DC00653D49;
					};
					C45CDBFA1BCBA8DC00653D49 = {
						CreatedOnToolsVersion = 7.0.1;
						TestTargetID = C45CDBD61BCBA8DC00653D49;
					};
				};
			};
			buildConfigurationList = C45CDBD21BCBA8DC00653D49 /* Build configuration list for PBXProject "PulsePlayer" */;
			compatibilityVersion = "Xcode 3.2";
			developmentRegion = English;
			hasScannedForEncodings = 0;
			knownRegions = (
				English,
				en,
				Base,
			);
			mainGroup = C45CDBCE1BCBA8DC00653D49;
			productRefGroup = C45CDBD81BCBA8DC00653D49 /* Products */;
			projectDirPath = "";
			projectRoot = "";
			targets = (
				C45CDBD61BCBA8DC00653D49 /* PulsePlayer */,
				C4100D931BFB64CF00B3F348 /* PulsePlayer (TVOS) */,
				C45CDBEF1BCBA8DC00653D49 /* PulsePlayerTests */,
				C45CDBFA1BCBA8DC00653D49 /* PulsePlayerUITests */,
			);
		};
/* End PBXProject section */

/* Begin PBXResourcesBuildPhase section */
		C4100DA01BFB64CF00B3F348 /* Resources */ = {
			isa = PBXResourcesBuildPhase;
			buildActionMask = 2147483647;
			files = (
				C405B2491BFB701400C07A18 /* VideoItemCell.xib in Resources */,
				C4100DA21BFB64CF00B3F348 /* library.json in Resources */,
				C4D8BC3D1C908ADC001D8E45 /* SkipViewController.xib in Resources */,
				C4100DA41BFB64CF00B3F348 /* Assets.xcassets in Resources */,
				C4527C651D227541005C695F /* ooyala-slick-type.ttf in Resources */,
				C405B23F1BFB6D3E00C07A18 /* Main.storyboard in Resources */,
			);
			runOnlyForDeploymentPostprocessing = 0;
		};
		C45CDBD51BCBA8DC00653D49 /* Resources */ = {
			isa = PBXResourcesBuildPhase;
			buildActionMask = 2147483647;
			files = (
				C4527C641D227541005C695F /* ooyala-slick-type.ttf in Resources */,
				C47485BD1BCD27BE0056BD05 /* library.json in Resources */,
				AA609BA01D1AC3F100A12AE8 /* SkinViewController.xib in Resources */,
				C405B2471BFB6E2400C07A18 /* Main.storyboard in Resources */,
				C405B2461BFB6E2400C07A18 /* LaunchScreen.storyboard in Resources */,
				C44D197D1D240B9600FD97B9 /* PauseAdViewController.xib in Resources */,
				C47485C71BCD3B050056BD05 /* VideoItemCell.xib in Resources */,
				C45CDBE71BCBA8DC00653D49 /* Assets.xcassets in Resources */,
				CF070B721E9FA2D40043348C /* CompanionAdViewController.xib in Resources */,
				C4D8BC391C906822001D8E45 /* SkipViewController.xib in Resources */,
			);
			runOnlyForDeploymentPostprocessing = 0;
		};
		C45CDBEE1BCBA8DC00653D49 /* Resources */ = {
			isa = PBXResourcesBuildPhase;
			buildActionMask = 2147483647;
			files = (
			);
			runOnlyForDeploymentPostprocessing = 0;
		};
		C45CDBF91BCBA8DC00653D49 /* Resources */ = {
			isa = PBXResourcesBuildPhase;
			buildActionMask = 2147483647;
			files = (
			);
			runOnlyForDeploymentPostprocessing = 0;
		};
/* End PBXResourcesBuildPhase section */

/* Begin PBXSourcesBuildPhase section */
		C4100D941BFB64CF00B3F348 /* Sources */ = {
			isa = PBXSourcesBuildPhase;
			buildActionMask = 2147483647;
			files = (
				C4100D951BFB64CF00B3F348 /* AVAsset+Preloading.m in Sources */,
				C4100D961BFB64CF00B3F348 /* VideoItemCell.m in Sources */,
				C4100D971BFB64CF00B3F348 /* AppDelegate.m in Sources */,
				C4527C6C1D22B863005C695F /* PassView.m in Sources */,
				C4527C701D22C5FC005C695F /* PauseAdView.m in Sources */,
				C4100D981BFB64CF00B3F348 /* VideoItem.m in Sources */,
				C405B24E1BFE19C500C07A18 /* PlayerViewController.m in Sources */,
				C4D8BC3A1C908A22001D8E45 /* SkipViewController.m in Sources */,
				C4100D9A1BFB64CF00B3F348 /* main.m in Sources */,
				C4100D9B1BFB64CF00B3F348 /* VideoLibraryViewController.m in Sources */,
			);
			runOnlyForDeploymentPostprocessing = 0;
		};
		C45CDBD31BCBA8DC00653D49 /* Sources */ = {
			isa = PBXSourcesBuildPhase;
			buildActionMask = 2147483647;
			files = (
				C44D197C1D240B9600FD97B9 /* PauseAdViewController.m in Sources */,
				C44E41171BD77C0000B722CB /* AVAsset+Preloading.m in Sources */,
				CFD386E71E9BE1F700316CD9 /* CompanionPlayerViewController.m in Sources */,
				AA609B9D1D1ABA9700A12AE8 /* SkinViewController.m in Sources */,
				C47485C61BCD3B050056BD05 /* VideoItemCell.m in Sources */,
				C4527C6B1D22B863005C695F /* PassView.m in Sources */,
				C45CDBDF1BCBA8DC00653D49 /* AppDelegate.m in Sources */,
				C4D02B8C1BDA2DF100BED479 /* VideoItem.m in Sources */,
				C45CDC181BCBCED900653D49 /* PlayerViewController.m in Sources */,
				C4527C6F1D22C5FC005C695F /* PauseAdView.m in Sources */,
				C4D8BC381C906822001D8E45 /* SkipViewController.m in Sources */,
				C45CDBDC1BCBA8DC00653D49 /* main.m in Sources */,
				CF070B701E9F92970043348C /* CompanionAdViewController.m in Sources */,
				C47485C01BCD3A080056BD05 /* VideoLibraryViewController.m in Sources */,
			);
			runOnlyForDeploymentPostprocessing = 0;
		};
		C45CDBEC1BCBA8DC00653D49 /* Sources */ = {
			isa = PBXSourcesBuildPhase;
			buildActionMask = 2147483647;
			files = (
				C45CDBF51BCBA8DC00653D49 /* PulsePlayerTests.m in Sources */,
				CFD386E81E9BE1F700316CD9 /* CompanionPlayerViewController.m in Sources */,
				C45CDC191BCBCED900653D49 /* PlayerViewController.m in Sources */,
			);
			runOnlyForDeploymentPostprocessing = 0;
		};
		C45CDBF71BCBA8DC00653D49 /* Sources */ = {
			isa = PBXSourcesBuildPhase;
			buildActionMask = 2147483647;
			files = (
				C45CDC001BCBA8DC00653D49 /* PulsePlayerUITests.m in Sources */,
			);
			runOnlyForDeploymentPostprocessing = 0;
		};
/* End PBXSourcesBuildPhase section */

/* Begin PBXTargetDependency section */
		C45CDBF21BCBA8DC00653D49 /* PBXTargetDependency */ = {
			isa = PBXTargetDependency;
			target = C45CDBD61BCBA8DC00653D49 /* PulsePlayer */;
			targetProxy = C45CDBF11BCBA8DC00653D49 /* PBXContainerItemProxy */;
		};
		C45CDBFD1BCBA8DC00653D49 /* PBXTargetDependency */ = {
			isa = PBXTargetDependency;
			target = C45CDBD61BCBA8DC00653D49 /* PulsePlayer */;
			targetProxy = C45CDBFC1BCBA8DC00653D49 /* PBXContainerItemProxy */;
		};
/* End PBXTargetDependency section */

/* Begin PBXVariantGroup section */
		C405B2411BFB6D3E00C07A18 /* Main.storyboard */ = {
			isa = PBXVariantGroup;
			children = (
				C405B2401BFB6D3E00C07A18 /* Base */,
			);
			name = Main.storyboard;
			sourceTree = "<group>";
		};
		C405B2421BFB6E2400C07A18 /* LaunchScreen.storyboard */ = {
			isa = PBXVariantGroup;
			children = (
				C405B2431BFB6E2400C07A18 /* Base */,
			);
			name = LaunchScreen.storyboard;
			sourceTree = "<group>";
		};
		C405B2441BFB6E2400C07A18 /* Main.storyboard */ = {
			isa = PBXVariantGroup;
			children = (
				C405B2451BFB6E2400C07A18 /* Base */,
			);
			name = Main.storyboard;
			sourceTree = "<group>";
		};
/* End PBXVariantGroup section */

/* Begin XCBuildConfiguration section */
		C4100DA71BFB64CF00B3F348 /* Debug */ = {
			isa = XCBuildConfiguration;
			buildSettings = {
				ASSETCATALOG_COMPILER_APPICON_NAME = AppIcon;
				CODE_SIGN_IDENTITY = "iPhone Developer";
				"CODE_SIGN_IDENTITY[sdk=appletvos*]" = "iPhone Developer";
				INFOPLIST_FILE = "$(SRCROOT)/PulsePlayer/tvos/Info (TVOS).plist";
				LD_RUNPATH_SEARCH_PATHS = (
					"$(inherited)",
					"@executable_path/Frameworks",
				);
				PRODUCT_BUNDLE_IDENTIFIER = com.ooyala.PulsePlayer;
				PRODUCT_NAME = "$(TARGET_NAME)";
				PROVISIONING_PROFILE = "";
				SDKROOT = appletvos;
				TARGETED_DEVICE_FAMILY = 3;
			};
			name = Debug;
		};
		C4100DA81BFB64CF00B3F348 /* Release */ = {
			isa = XCBuildConfiguration;
			buildSettings = {
				ASSETCATALOG_COMPILER_APPICON_NAME = AppIcon;
				CODE_SIGN_IDENTITY = "iPhone Developer";
				"CODE_SIGN_IDENTITY[sdk=appletvos*]" = "iPhone Developer";
				INFOPLIST_FILE = "$(SRCROOT)/PulsePlayer/tvos/Info (TVOS).plist";
				LD_RUNPATH_SEARCH_PATHS = (
					"$(inherited)",
					"@executable_path/Frameworks",
				);
				PRODUCT_BUNDLE_IDENTIFIER = com.ooyala.PulsePlayer;
				PRODUCT_NAME = "$(TARGET_NAME)";
				PROVISIONING_PROFILE = "";
				SDKROOT = appletvos;
				TARGETED_DEVICE_FAMILY = 3;
			};
			name = Release;
		};
		C45CDC021BCBA8DC00653D49 /* Debug */ = {
			isa = XCBuildConfiguration;
			buildSettings = {
				ALWAYS_SEARCH_USER_PATHS = NO;
				CLANG_CXX_LANGUAGE_STANDARD = "gnu++0x";
				CLANG_CXX_LIBRARY = "libc++";
				CLANG_ENABLE_MODULES = YES;
				CLANG_ENABLE_OBJC_ARC = YES;
				CLANG_WARN_BOOL_CONVERSION = YES;
				CLANG_WARN_CONSTANT_CONVERSION = YES;
				CLANG_WARN_DIRECT_OBJC_ISA_USAGE = YES_ERROR;
				CLANG_WARN_EMPTY_BODY = YES;
				CLANG_WARN_ENUM_CONVERSION = YES;
				CLANG_WARN_INT_CONVERSION = YES;
				CLANG_WARN_OBJC_ROOT_CLASS = YES_ERROR;
				CLANG_WARN_UNREACHABLE_CODE = YES;
				CLANG_WARN__DUPLICATE_METHOD_MATCH = YES;
				"CODE_SIGN_IDENTITY[sdk=iphoneos*]" = "iPhone Developer";
				COPY_PHASE_STRIP = NO;
				DEBUG_INFORMATION_FORMAT = dwarf;
				ENABLE_STRICT_OBJC_MSGSEND = YES;
				ENABLE_TESTABILITY = YES;
				FRAMEWORK_SEARCH_PATHS = ../Pulse;
				GCC_C_LANGUAGE_STANDARD = gnu99;
				GCC_DYNAMIC_NO_PIC = NO;
				GCC_NO_COMMON_BLOCKS = YES;
				GCC_OPTIMIZATION_LEVEL = 0;
				GCC_PREPROCESSOR_DEFINITIONS = (
					"DEBUG=1",
					"$(inherited)",
				);
				GCC_WARN_64_TO_32_BIT_CONVERSION = YES;
				GCC_WARN_ABOUT_RETURN_TYPE = YES_ERROR;
				GCC_WARN_UNDECLARED_SELECTOR = YES;
				GCC_WARN_UNINITIALIZED_AUTOS = YES_AGGRESSIVE;
				GCC_WARN_UNUSED_FUNCTION = YES;
				GCC_WARN_UNUSED_VARIABLE = YES;
				IPHONEOS_DEPLOYMENT_TARGET = 9.0;
				MTL_ENABLE_DEBUG_INFO = YES;
				ONLY_ACTIVE_ARCH = YES;
				SDKROOT = iphoneos;
				TARGETED_DEVICE_FAMILY = "1,2";
			};
			name = Debug;
		};
		C45CDC031BCBA8DC00653D49 /* Release */ = {
			isa = XCBuildConfiguration;
			buildSettings = {
				ALWAYS_SEARCH_USER_PATHS = NO;
				CLANG_CXX_LANGUAGE_STANDARD = "gnu++0x";
				CLANG_CXX_LIBRARY = "libc++";
				CLANG_ENABLE_MODULES = YES;
				CLANG_ENABLE_OBJC_ARC = YES;
				CLANG_WARN_BOOL_CONVERSION = YES;
				CLANG_WARN_CONSTANT_CONVERSION = YES;
				CLANG_WARN_DIRECT_OBJC_ISA_USAGE = YES_ERROR;
				CLANG_WARN_EMPTY_BODY = YES;
				CLANG_WARN_ENUM_CONVERSION = YES;
				CLANG_WARN_INT_CONVERSION = YES;
				CLANG_WARN_OBJC_ROOT_CLASS = YES_ERROR;
				CLANG_WARN_UNREACHABLE_CODE = YES;
				CLANG_WARN__DUPLICATE_METHOD_MATCH = YES;
				"CODE_SIGN_IDENTITY[sdk=iphoneos*]" = "iPhone Developer";
				COPY_PHASE_STRIP = NO;
				DEBUG_INFORMATION_FORMAT = "dwarf-with-dsym";
				ENABLE_NS_ASSERTIONS = NO;
				ENABLE_STRICT_OBJC_MSGSEND = YES;
				FRAMEWORK_SEARCH_PATHS = ../Pulse;
				GCC_C_LANGUAGE_STANDARD = gnu99;
				GCC_NO_COMMON_BLOCKS = YES;
				GCC_PREPROCESSOR_DEFINITIONS = "";
				GCC_WARN_64_TO_32_BIT_CONVERSION = YES;
				GCC_WARN_ABOUT_RETURN_TYPE = YES_ERROR;
				GCC_WARN_UNDECLARED_SELECTOR = YES;
				GCC_WARN_UNINITIALIZED_AUTOS = YES_AGGRESSIVE;
				GCC_WARN_UNUSED_FUNCTION = YES;
				GCC_WARN_UNUSED_VARIABLE = YES;
				IPHONEOS_DEPLOYMENT_TARGET = 9.0;
				MTL_ENABLE_DEBUG_INFO = NO;
				SDKROOT = iphoneos;
				TARGETED_DEVICE_FAMILY = "1,2";
				VALIDATE_PRODUCT = YES;
			};
			name = Release;
		};
		C45CDC051BCBA8DC00653D49 /* Debug */ = {
			isa = XCBuildConfiguration;
			buildSettings = {
				ASSETCATALOG_COMPILER_APPICON_NAME = AppIcon;
				GCC_PREPROCESSOR_DEFINITIONS = "$(inherited)";
				INFOPLIST_FILE = "$(SRCROOT)/PulsePlayer/ios/Info.plist";
				LD_RUNPATH_SEARCH_PATHS = (
					"$(inherited)",
					"@executable_path/Frameworks",
				);
				PRODUCT_BUNDLE_IDENTIFIER = com.ooyala.PulsePlayer;
				PRODUCT_NAME = "$(TARGET_NAME)";
			};
			name = Debug;
		};
		C45CDC061BCBA8DC00653D49 /* Release */ = {
			isa = XCBuildConfiguration;
			buildSettings = {
				ASSETCATALOG_COMPILER_APPICON_NAME = AppIcon;
				GCC_PREPROCESSOR_DEFINITIONS = "$(inherited)";
				INFOPLIST_FILE = "$(SRCROOT)/PulsePlayer/ios/Info.plist";
				LD_RUNPATH_SEARCH_PATHS = (
					"$(inherited)",
					"@executable_path/Frameworks",
				);
				PRODUCT_BUNDLE_IDENTIFIER = com.ooyala.PulsePlayer;
				PRODUCT_NAME = "$(TARGET_NAME)";
			};
			name = Release;
		};
		C45CDC081BCBA8DC00653D49 /* Debug */ = {
			isa = XCBuildConfiguration;
			buildSettings = {
				BUNDLE_LOADER = "$(TEST_HOST)";
				INFOPLIST_FILE = PulsePlayerTests/Info.plist;
				LD_RUNPATH_SEARCH_PATHS = (
					"$(inherited)",
					"@executable_path/Frameworks",
					"@loader_path/Frameworks",
				);
				PRODUCT_BUNDLE_IDENTIFIER = com.ooyala.PulsePlayerTests;
				PRODUCT_NAME = "$(TARGET_NAME)";
				TEST_HOST = "$(BUILT_PRODUCTS_DIR)/PulsePlayer.app/PulsePlayer";
			};
			name = Debug;
		};
		C45CDC091BCBA8DC00653D49 /* Release */ = {
			isa = XCBuildConfiguration;
			buildSettings = {
				BUNDLE_LOADER = "$(TEST_HOST)";
				INFOPLIST_FILE = PulsePlayerTests/Info.plist;
				LD_RUNPATH_SEARCH_PATHS = (
					"$(inherited)",
					"@executable_path/Frameworks",
					"@loader_path/Frameworks",
				);
				PRODUCT_BUNDLE_IDENTIFIER = com.ooyala.PulsePlayerTests;
				PRODUCT_NAME = "$(TARGET_NAME)";
				TEST_HOST = "$(BUILT_PRODUCTS_DIR)/PulsePlayer.app/PulsePlayer";
			};
			name = Release;
		};
		C45CDC0B1BCBA8DC00653D49 /* Debug */ = {
			isa = XCBuildConfiguration;
			buildSettings = {
				INFOPLIST_FILE = PulsePlayerUITests/Info.plist;
				LD_RUNPATH_SEARCH_PATHS = (
					"$(inherited)",
					"@executable_path/Frameworks",
					"@loader_path/Frameworks",
				);
				PRODUCT_BUNDLE_IDENTIFIER = com.ooyala.PulsePlayerUITests;
				PRODUCT_NAME = "$(TARGET_NAME)";
				TEST_TARGET_NAME = PulsePlayer;
				USES_XCTRUNNER = YES;
			};
			name = Debug;
		};
		C45CDC0C1BCBA8DC00653D49 /* Release */ = {
			isa = XCBuildConfiguration;
			buildSettings = {
				INFOPLIST_FILE = PulsePlayerUITests/Info.plist;
				LD_RUNPATH_SEARCH_PATHS = (
					"$(inherited)",
					"@executable_path/Frameworks",
					"@loader_path/Frameworks",
				);
				PRODUCT_BUNDLE_IDENTIFIER = com.ooyala.PulsePlayerUITests;
				PRODUCT_NAME = "$(TARGET_NAME)";
				TEST_TARGET_NAME = PulsePlayer;
				USES_XCTRUNNER = YES;
			};
			name = Release;
		};
/* End XCBuildConfiguration section */

/* Begin XCConfigurationList section */
		C4100DA61BFB64CF00B3F348 /* Build configuration list for PBXNativeTarget "PulsePlayer (TVOS)" */ = {
			isa = XCConfigurationList;
			buildConfigurations = (
				C4100DA71BFB64CF00B3F348 /* Debug */,
				C4100DA81BFB64CF00B3F348 /* Release */,
			);
			defaultConfigurationIsVisible = 0;
			defaultConfigurationName = Release;
		};
		C45CDBD21BCBA8DC00653D49 /* Build configuration list for PBXProject "PulsePlayer" */ = {
			isa = XCConfigurationList;
			buildConfigurations = (
				C45CDC021BCBA8DC00653D49 /* Debug */,
				C45CDC031BCBA8DC00653D49 /* Release */,
			);
			defaultConfigurationIsVisible = 0;
			defaultConfigurationName = Release;
		};
		C45CDC041BCBA8DC00653D49 /* Build configuration list for PBXNativeTarget "PulsePlayer" */ = {
			isa = XCConfigurationList;
			buildConfigurations = (
				C45CDC051BCBA8DC00653D49 /* Debug */,
				C45CDC061BCBA8DC00653D49 /* Release */,
			);
			defaultConfigurationIsVisible = 0;
			defaultConfigurationName = Release;
		};
		C45CDC071BCBA8DC00653D49 /* Build configuration list for PBXNativeTarget "PulsePlayerTests" */ = {
			isa = XCConfigurationList;
			buildConfigurations = (
				C45CDC081BCBA8DC00653D49 /* Debug */,
				C45CDC091BCBA8DC00653D49 /* Release */,
			);
			defaultConfigurationIsVisible = 0;
			defaultConfigurationName = Release;
		};
		C45CDC0A1BCBA8DC00653D49 /* Build configuration list for PBXNativeTarget "PulsePlayerUITests" */ = {
			isa = XCConfigurationList;
			buildConfigurations = (
				C45CDC0B1BCBA8DC00653D49 /* Debug */,
				C45CDC0C1BCBA8DC00653D49 /* Release */,
			);
			defaultConfigurationIsVisible = 0;
			defaultConfigurationName = Release;
		};
/* End XCConfigurationList section */
	};
	rootObject = C45CDBCF1BCBA8DC00653D49 /* Project object */;
}
